
Microsoft Visual Studio Solution File, Format Version 12.00
# Visual Studio Version 17
VisualStudioVersion = 17.8.34322.80
MinimumVisualStudioVersion = 10.0.40219.1
Project("{8BC9CEB8-8B4A-11D0-8D11-00A0C91BC942}") = "2024-03-08 1149", "2024-03-08 1149\2024-03-08 1149.vcxproj", "{5CDCF86C-898E-485E-A0FC-1E003C73709E}"
EndProject
Global
	GlobalSection(SolutionConfigurationPlatforms) = preSolution
		Debug|x64 = Debug|x64
		Debug|x86 = Debug|x86
		Release|x64 = Release|x64
		Release|x86 = Release|x86
	EndGlobalSection
	GlobalSection(ProjectConfigurationPlatforms) = postSolution
		{5CDCF86C-898E-485E-A0FC-1E003C73709E}.Debug|x64.ActiveCfg = Debug|x64
		{5CDCF86C-898E-485E-A0FC-1E003C73709E}.Debug|x64.Build.0 = Debug|x64
		{5CDCF86C-898E-485E-A0FC-1E003C73709E}.Debug|x86.ActiveCfg = Debug|Win32
		{5CDCF86C-898E-485E-A0FC-1E003C73709E}.Debug|x86.Build.0 = Debug|Win32
		{5CDCF86C-898E-485E-A0FC-1E003C73709E}.Release|x64.ActiveCfg = Release|x64
		{5CDCF86C-898E-485E-A0FC-1E003C73709E}.Release|x64.Build.0 = Release|x64
		{5CDCF86C-898E-485E-A0FC-1E003C73709E}.Release|x86.ActiveCfg = Release|Win32
		{5CDCF86C-898E-485E-A0FC-1E003C73709E}.Release|x86.Build.0 = Release|Win32
	EndGlobalSection
	GlobalSection(SolutionProperties) = preSolution
		HideSolutionNode = FALSE
	EndGlobalSection
	GlobalSection(ExtensibilityGlobals) = postSolution
		SolutionGuid = {F799AF74-9E4F-4531-B4D2-E5F6A85D532E}
	EndGlobalSection
EndGlobal
