
Microsoft Visual Studio Solution File, Format Version 12.00
# Visual Studio Version 17
VisualStudioVersion = 17.9.34714.143
MinimumVisualStudioVersion = 10.0.40219.1
Project("{8BC9CEB8-8B4A-11D0-8D11-00A0C91BC942}") = "2024-11-25 13422", "2024-11-25 13422\2024-11-25 13422.vcxproj", "{89E81731-E62B-4A5D-BC5F-8DBE48DC1192}"
EndProject
Global
	GlobalSection(SolutionConfigurationPlatforms) = preSolution
		Debug|x64 = Debug|x64
		Debug|x86 = Debug|x86
		Release|x64 = Release|x64
		Release|x86 = Release|x86
	EndGlobalSection
	GlobalSection(ProjectConfigurationPlatforms) = postSolution
		{89E81731-E62B-4A5D-BC5F-8DBE48DC1192}.Debug|x64.ActiveCfg = Debug|x64
		{89E81731-E62B-4A5D-BC5F-8DBE48DC1192}.Debug|x64.Build.0 = Debug|x64
		{89E81731-E62B-4A5D-BC5F-8DBE48DC1192}.Debug|x86.ActiveCfg = Debug|Win32
		{89E81731-E62B-4A5D-BC5F-8DBE48DC1192}.Debug|x86.Build.0 = Debug|Win32
		{89E81731-E62B-4A5D-BC5F-8DBE48DC1192}.Release|x64.ActiveCfg = Release|x64
		{89E81731-E62B-4A5D-BC5F-8DBE48DC1192}.Release|x64.Build.0 = Release|x64
		{89E81731-E62B-4A5D-BC5F-8DBE48DC1192}.Release|x86.ActiveCfg = Release|Win32
		{89E81731-E62B-4A5D-BC5F-8DBE48DC1192}.Release|x86.Build.0 = Release|Win32
	EndGlobalSection
	GlobalSection(SolutionProperties) = preSolution
		HideSolutionNode = FALSE
	EndGlobalSection
	GlobalSection(ExtensibilityGlobals) = postSolution
		SolutionGuid = {F71D5552-5025-44E4-A49C-E97FDD266209}
	EndGlobalSection
EndGlobal
