
Microsoft Visual Studio Solution File, Format Version 12.00
# Visual Studio Version 17
VisualStudioVersion = 17.8.34322.80
MinimumVisualStudioVersion = 10.0.40219.1
Project("{8BC9CEB8-8B4A-11D0-8D11-00A0C91BC942}") = "2024-03-15 9376", "2024-03-15 9376\2024-03-15 9376.vcxproj", "{9A9B9E4E-1627-4BCB-A9A0-5B11BDF1DE08}"
EndProject
Global
	GlobalSection(SolutionConfigurationPlatforms) = preSolution
		Debug|x64 = Debug|x64
		Debug|x86 = Debug|x86
		Release|x64 = Release|x64
		Release|x86 = Release|x86
	EndGlobalSection
	GlobalSection(ProjectConfigurationPlatforms) = postSolution
		{9A9B9E4E-1627-4BCB-A9A0-5B11BDF1DE08}.Debug|x64.ActiveCfg = Debug|x64
		{9A9B9E4E-1627-4BCB-A9A0-5B11BDF1DE08}.Debug|x64.Build.0 = Debug|x64
		{9A9B9E4E-1627-4BCB-A9A0-5B11BDF1DE08}.Debug|x86.ActiveCfg = Debug|Win32
		{9A9B9E4E-1627-4BCB-A9A0-5B11BDF1DE08}.Debug|x86.Build.0 = Debug|Win32
		{9A9B9E4E-1627-4BCB-A9A0-5B11BDF1DE08}.Release|x64.ActiveCfg = Release|x64
		{9A9B9E4E-1627-4BCB-A9A0-5B11BDF1DE08}.Release|x64.Build.0 = Release|x64
		{9A9B9E4E-1627-4BCB-A9A0-5B11BDF1DE08}.Release|x86.ActiveCfg = Release|Win32
		{9A9B9E4E-1627-4BCB-A9A0-5B11BDF1DE08}.Release|x86.Build.0 = Release|Win32
	EndGlobalSection
	GlobalSection(SolutionProperties) = preSolution
		HideSolutionNode = FALSE
	EndGlobalSection
	GlobalSection(ExtensibilityGlobals) = postSolution
		SolutionGuid = {1D05506F-7007-4814-8AD1-B20AAE1CA9F9}
	EndGlobalSection
EndGlobal
