
Microsoft Visual Studio Solution File, Format Version 12.00
# Visual Studio Version 17
VisualStudioVersion = 17.12.35527.113 d17.12
MinimumVisualStudioVersion = 10.0.40219.1
Project("{8BC9CEB8-8B4A-11D0-8D11-00A0C91BC942}") = "2026-06-22 210. Course Schedule II", "2026-06-22 210. Course Schedule II\2026-06-22 210. Course Schedule II.vcxproj", "{AB7376CD-137F-49FB-AB2C-657A430A1167}"
EndProject
Global
	GlobalSection(SolutionConfigurationPlatforms) = preSolution
		Debug|x64 = Debug|x64
		Debug|x86 = Debug|x86
		Release|x64 = Release|x64
		Release|x86 = Release|x86
	EndGlobalSection
	GlobalSection(ProjectConfigurationPlatforms) = postSolution
		{AB7376CD-137F-49FB-AB2C-657A430A1167}.Debug|x64.ActiveCfg = Debug|x64
		{AB7376CD-137F-49FB-AB2C-657A430A1167}.Debug|x64.Build.0 = Debug|x64
		{AB7376CD-137F-49FB-AB2C-657A430A1167}.Debug|x86.ActiveCfg = Debug|Win32
		{AB7376CD-137F-49FB-AB2C-657A430A1167}.Debug|x86.Build.0 = Debug|Win32
		{AB7376CD-137F-49FB-AB2C-657A430A1167}.Release|x64.ActiveCfg = Release|x64
		{AB7376CD-137F-49FB-AB2C-657A430A1167}.Release|x64.Build.0 = Release|x64
		{AB7376CD-137F-49FB-AB2C-657A430A1167}.Release|x86.ActiveCfg = Release|Win32
		{AB7376CD-137F-49FB-AB2C-657A430A1167}.Release|x86.Build.0 = Release|Win32
	EndGlobalSection
	GlobalSection(SolutionProperties) = preSolution
		HideSolutionNode = FALSE
	EndGlobalSection
EndGlobal
