
Microsoft Visual Studio Solution File, Format Version 12.00
# Visual Studio Version 17
VisualStudioVersion = 17.8.34322.80
MinimumVisualStudioVersion = 10.0.40219.1
Project("{8BC9CEB8-8B4A-11D0-8D11-00A0C91BC942}") = "8-Q 1613", "8-Q 1613\8-Q 1613.vcxproj", "{78BE5D4B-CCB8-468C-B2F7-C94B5033C264}"
EndProject
Global
	GlobalSection(SolutionConfigurationPlatforms) = preSolution
		Debug|x64 = Debug|x64
		Debug|x86 = Debug|x86
		Release|x64 = Release|x64
		Release|x86 = Release|x86
	EndGlobalSection
	GlobalSection(ProjectConfigurationPlatforms) = postSolution
		{78BE5D4B-CCB8-468C-B2F7-C94B5033C264}.Debug|x64.ActiveCfg = Debug|x64
		{78BE5D4B-CCB8-468C-B2F7-C94B5033C264}.Debug|x64.Build.0 = Debug|x64
		{78BE5D4B-CCB8-468C-B2F7-C94B5033C264}.Debug|x86.ActiveCfg = Debug|Win32
		{78BE5D4B-CCB8-468C-B2F7-C94B5033C264}.Debug|x86.Build.0 = Debug|Win32
		{78BE5D4B-CCB8-468C-B2F7-C94B5033C264}.Release|x64.ActiveCfg = Release|x64
		{78BE5D4B-CCB8-468C-B2F7-C94B5033C264}.Release|x64.Build.0 = Release|x64
		{78BE5D4B-CCB8-468C-B2F7-C94B5033C264}.Release|x86.ActiveCfg = Release|Win32
		{78BE5D4B-CCB8-468C-B2F7-C94B5033C264}.Release|x86.Build.0 = Release|Win32
	EndGlobalSection
	GlobalSection(SolutionProperties) = preSolution
		HideSolutionNode = FALSE
	EndGlobalSection
	GlobalSection(ExtensibilityGlobals) = postSolution
		SolutionGuid = {0EBD995A-1813-4B18-BF6F-2F4CD5952C53}
	EndGlobalSection
EndGlobal
