
Microsoft Visual Studio Solution File, Format Version 12.00
# Visual Studio Version 17
VisualStudioVersion = 17.9.34714.143
MinimumVisualStudioVersion = 10.0.40219.1
Project("{8BC9CEB8-8B4A-11D0-8D11-00A0C91BC942}") = "2024-03-20 16118", "2024-03-20 16118\2024-03-20 16118.vcxproj", "{BEB72FB1-9801-415D-89BC-E287A3F2142D}"
EndProject
Global
	GlobalSection(SolutionConfigurationPlatforms) = preSolution
		Debug|x64 = Debug|x64
		Debug|x86 = Debug|x86
		Release|x64 = Release|x64
		Release|x86 = Release|x86
	EndGlobalSection
	GlobalSection(ProjectConfigurationPlatforms) = postSolution
		{BEB72FB1-9801-415D-89BC-E287A3F2142D}.Debug|x64.ActiveCfg = Debug|x64
		{BEB72FB1-9801-415D-89BC-E287A3F2142D}.Debug|x64.Build.0 = Debug|x64
		{BEB72FB1-9801-415D-89BC-E287A3F2142D}.Debug|x86.ActiveCfg = Debug|Win32
		{BEB72FB1-9801-415D-89BC-E287A3F2142D}.Debug|x86.Build.0 = Debug|Win32
		{BEB72FB1-9801-415D-89BC-E287A3F2142D}.Release|x64.ActiveCfg = Release|x64
		{BEB72FB1-9801-415D-89BC-E287A3F2142D}.Release|x64.Build.0 = Release|x64
		{BEB72FB1-9801-415D-89BC-E287A3F2142D}.Release|x86.ActiveCfg = Release|Win32
		{BEB72FB1-9801-415D-89BC-E287A3F2142D}.Release|x86.Build.0 = Release|Win32
	EndGlobalSection
	GlobalSection(SolutionProperties) = preSolution
		HideSolutionNode = FALSE
	EndGlobalSection
	GlobalSection(ExtensibilityGlobals) = postSolution
		SolutionGuid = {30F66F4F-C306-4027-8E4C-0DCD567C1E34}
	EndGlobalSection
EndGlobal
