
Microsoft Visual Studio Solution File, Format Version 12.00
# Visual Studio Version 17
VisualStudioVersion = 17.8.34322.80
MinimumVisualStudioVersion = 10.0.40219.1
Project("{8BC9CEB8-8B4A-11D0-8D11-00A0C91BC942}") = "8-0 3653", "8-0 3653\8-0 3653.vcxproj", "{BC408705-F47C-4FDB-B72B-2C6AD9043DC0}"
EndProject
Global
	GlobalSection(SolutionConfigurationPlatforms) = preSolution
		Debug|x64 = Debug|x64
		Debug|x86 = Debug|x86
		Release|x64 = Release|x64
		Release|x86 = Release|x86
	EndGlobalSection
	GlobalSection(ProjectConfigurationPlatforms) = postSolution
		{BC408705-F47C-4FDB-B72B-2C6AD9043DC0}.Debug|x64.ActiveCfg = Debug|x64
		{BC408705-F47C-4FDB-B72B-2C6AD9043DC0}.Debug|x64.Build.0 = Debug|x64
		{BC408705-F47C-4FDB-B72B-2C6AD9043DC0}.Debug|x86.ActiveCfg = Debug|Win32
		{BC408705-F47C-4FDB-B72B-2C6AD9043DC0}.Debug|x86.Build.0 = Debug|Win32
		{BC408705-F47C-4FDB-B72B-2C6AD9043DC0}.Release|x64.ActiveCfg = Release|x64
		{BC408705-F47C-4FDB-B72B-2C6AD9043DC0}.Release|x64.Build.0 = Release|x64
		{BC408705-F47C-4FDB-B72B-2C6AD9043DC0}.Release|x86.ActiveCfg = Release|Win32
		{BC408705-F47C-4FDB-B72B-2C6AD9043DC0}.Release|x86.Build.0 = Release|Win32
	EndGlobalSection
	GlobalSection(SolutionProperties) = preSolution
		HideSolutionNode = FALSE
	EndGlobalSection
	GlobalSection(ExtensibilityGlobals) = postSolution
		SolutionGuid = {B6791BD6-BA0A-4B44-B3D9-0700FF00684F}
	EndGlobalSection
EndGlobal
