
Microsoft Visual Studio Solution File, Format Version 12.00
# Visual Studio Version 17
VisualStudioVersion = 17.2.32630.192
MinimumVisualStudioVersion = 10.0.40219.1
Project("{8BC9CEB8-8B4A-11D0-8D11-00A0C91BC942}") = "5-Q 1911", "5-Q 1911\5-Q 1911.vcxproj", "{916BF94B-5D57-423E-AFE7-EE33290D6459}"
EndProject
Global
	GlobalSection(SolutionConfigurationPlatforms) = preSolution
		Debug|x64 = Debug|x64
		Debug|x86 = Debug|x86
		Release|x64 = Release|x64
		Release|x86 = Release|x86
	EndGlobalSection
	GlobalSection(ProjectConfigurationPlatforms) = postSolution
		{916BF94B-5D57-423E-AFE7-EE33290D6459}.Debug|x64.ActiveCfg = Debug|x64
		{916BF94B-5D57-423E-AFE7-EE33290D6459}.Debug|x64.Build.0 = Debug|x64
		{916BF94B-5D57-423E-AFE7-EE33290D6459}.Debug|x86.ActiveCfg = Debug|Win32
		{916BF94B-5D57-423E-AFE7-EE33290D6459}.Debug|x86.Build.0 = Debug|Win32
		{916BF94B-5D57-423E-AFE7-EE33290D6459}.Release|x64.ActiveCfg = Release|x64
		{916BF94B-5D57-423E-AFE7-EE33290D6459}.Release|x64.Build.0 = Release|x64
		{916BF94B-5D57-423E-AFE7-EE33290D6459}.Release|x86.ActiveCfg = Release|Win32
		{916BF94B-5D57-423E-AFE7-EE33290D6459}.Release|x86.Build.0 = Release|Win32
	EndGlobalSection
	GlobalSection(SolutionProperties) = preSolution
		HideSolutionNode = FALSE
	EndGlobalSection
	GlobalSection(ExtensibilityGlobals) = postSolution
		SolutionGuid = {7D2EAB19-24BA-4DBE-9690-062A5D251EE5}
	EndGlobalSection
EndGlobal
