
Microsoft Visual Studio Solution File, Format Version 12.00
# Visual Studio Version 17
VisualStudioVersion = 17.8.34322.80
MinimumVisualStudioVersion = 10.0.40219.1
Project("{8BC9CEB8-8B4A-11D0-8D11-00A0C91BC942}") = "2024-03-11 1932", "..\2024-03-11 1932\2024-03-11 1932\2024-03-11 1932.vcxproj", "{BEC1F92C-BF0D-4B12-8EA1-4E006C566D45}"
EndProject
Global
	GlobalSection(SolutionConfigurationPlatforms) = preSolution
		Debug|x64 = Debug|x64
		Debug|x86 = Debug|x86
		Release|x64 = Release|x64
		Release|x86 = Release|x86
	EndGlobalSection
	GlobalSection(ProjectConfigurationPlatforms) = postSolution
		{BEC1F92C-BF0D-4B12-8EA1-4E006C566D45}.Debug|x64.ActiveCfg = Debug|x64
		{BEC1F92C-BF0D-4B12-8EA1-4E006C566D45}.Debug|x64.Build.0 = Debug|x64
		{BEC1F92C-BF0D-4B12-8EA1-4E006C566D45}.Debug|x86.ActiveCfg = Debug|Win32
		{BEC1F92C-BF0D-4B12-8EA1-4E006C566D45}.Debug|x86.Build.0 = Debug|Win32
		{BEC1F92C-BF0D-4B12-8EA1-4E006C566D45}.Release|x64.ActiveCfg = Release|x64
		{BEC1F92C-BF0D-4B12-8EA1-4E006C566D45}.Release|x64.Build.0 = Release|x64
		{BEC1F92C-BF0D-4B12-8EA1-4E006C566D45}.Release|x86.ActiveCfg = Release|Win32
		{BEC1F92C-BF0D-4B12-8EA1-4E006C566D45}.Release|x86.Build.0 = Release|Win32
	EndGlobalSection
	GlobalSection(SolutionProperties) = preSolution
		HideSolutionNode = FALSE
	EndGlobalSection
	GlobalSection(ExtensibilityGlobals) = postSolution
		SolutionGuid = {30FC5D4B-F3C0-42EE-95EC-AED88174B47A}
	EndGlobalSection
EndGlobal
