
Microsoft Visual Studio Solution File, Format Version 12.00
# Visual Studio Version 17
VisualStudioVersion = 17.7.34031.279
MinimumVisualStudioVersion = 10.0.40219.1
Project("{8BC9CEB8-8B4A-11D0-8D11-00A0C91BC942}") = "6-J 1561", "6-J 1561\6-J 1561.vcxproj", "{5548AFB3-0712-49CB-B531-AC7D5D86B783}"
EndProject
Global
	GlobalSection(SolutionConfigurationPlatforms) = preSolution
		Debug|x64 = Debug|x64
		Debug|x86 = Debug|x86
		Release|x64 = Release|x64
		Release|x86 = Release|x86
	EndGlobalSection
	GlobalSection(ProjectConfigurationPlatforms) = postSolution
		{5548AFB3-0712-49CB-B531-AC7D5D86B783}.Debug|x64.ActiveCfg = Debug|x64
		{5548AFB3-0712-49CB-B531-AC7D5D86B783}.Debug|x64.Build.0 = Debug|x64
		{5548AFB3-0712-49CB-B531-AC7D5D86B783}.Debug|x86.ActiveCfg = Debug|Win32
		{5548AFB3-0712-49CB-B531-AC7D5D86B783}.Debug|x86.Build.0 = Debug|Win32
		{5548AFB3-0712-49CB-B531-AC7D5D86B783}.Release|x64.ActiveCfg = Release|x64
		{5548AFB3-0712-49CB-B531-AC7D5D86B783}.Release|x64.Build.0 = Release|x64
		{5548AFB3-0712-49CB-B531-AC7D5D86B783}.Release|x86.ActiveCfg = Release|Win32
		{5548AFB3-0712-49CB-B531-AC7D5D86B783}.Release|x86.Build.0 = Release|Win32
	EndGlobalSection
	GlobalSection(SolutionProperties) = preSolution
		HideSolutionNode = FALSE
	EndGlobalSection
	GlobalSection(ExtensibilityGlobals) = postSolution
		SolutionGuid = {73761DE1-D64E-4722-A2CC-F3BDA1D1223C}
	EndGlobalSection
EndGlobal
