
Microsoft Visual Studio Solution File, Format Version 12.00
# Visual Studio Version 17
VisualStudioVersion = 17.2.32630.192
MinimumVisualStudioVersion = 10.0.40219.1
Project("{8BC9CEB8-8B4A-11D0-8D11-00A0C91BC942}") = "5-B 9935", "5-B 9935\5-B 9935.vcxproj", "{FD848DD1-C001-4E46-B921-4D2483F97C8C}"
EndProject
Global
	GlobalSection(SolutionConfigurationPlatforms) = preSolution
		Debug|x64 = Debug|x64
		Debug|x86 = Debug|x86
		Release|x64 = Release|x64
		Release|x86 = Release|x86
	EndGlobalSection
	GlobalSection(ProjectConfigurationPlatforms) = postSolution
		{FD848DD1-C001-4E46-B921-4D2483F97C8C}.Debug|x64.ActiveCfg = Debug|x64
		{FD848DD1-C001-4E46-B921-4D2483F97C8C}.Debug|x64.Build.0 = Debug|x64
		{FD848DD1-C001-4E46-B921-4D2483F97C8C}.Debug|x86.ActiveCfg = Debug|Win32
		{FD848DD1-C001-4E46-B921-4D2483F97C8C}.Debug|x86.Build.0 = Debug|Win32
		{FD848DD1-C001-4E46-B921-4D2483F97C8C}.Release|x64.ActiveCfg = Release|x64
		{FD848DD1-C001-4E46-B921-4D2483F97C8C}.Release|x64.Build.0 = Release|x64
		{FD848DD1-C001-4E46-B921-4D2483F97C8C}.Release|x86.ActiveCfg = Release|Win32
		{FD848DD1-C001-4E46-B921-4D2483F97C8C}.Release|x86.Build.0 = Release|Win32
	EndGlobalSection
	GlobalSection(SolutionProperties) = preSolution
		HideSolutionNode = FALSE
	EndGlobalSection
	GlobalSection(ExtensibilityGlobals) = postSolution
		SolutionGuid = {90F1A6B5-9D0C-4DB3-9051-736B5EF93B2E}
	EndGlobalSection
EndGlobal
