
Microsoft Visual Studio Solution File, Format Version 12.00
# Visual Studio Version 17
VisualStudioVersion = 17.8.34322.80
MinimumVisualStudioVersion = 10.0.40219.1
Project("{8BC9CEB8-8B4A-11D0-8D11-00A0C91BC942}") = "8-S 9370", "8-S 9370\8-S 9370.vcxproj", "{BD3882CF-8AD1-4595-A50A-EDFC2B112FFC}"
EndProject
Global
	GlobalSection(SolutionConfigurationPlatforms) = preSolution
		Debug|x64 = Debug|x64
		Debug|x86 = Debug|x86
		Release|x64 = Release|x64
		Release|x86 = Release|x86
	EndGlobalSection
	GlobalSection(ProjectConfigurationPlatforms) = postSolution
		{BD3882CF-8AD1-4595-A50A-EDFC2B112FFC}.Debug|x64.ActiveCfg = Debug|x64
		{BD3882CF-8AD1-4595-A50A-EDFC2B112FFC}.Debug|x64.Build.0 = Debug|x64
		{BD3882CF-8AD1-4595-A50A-EDFC2B112FFC}.Debug|x86.ActiveCfg = Debug|Win32
		{BD3882CF-8AD1-4595-A50A-EDFC2B112FFC}.Debug|x86.Build.0 = Debug|Win32
		{BD3882CF-8AD1-4595-A50A-EDFC2B112FFC}.Release|x64.ActiveCfg = Release|x64
		{BD3882CF-8AD1-4595-A50A-EDFC2B112FFC}.Release|x64.Build.0 = Release|x64
		{BD3882CF-8AD1-4595-A50A-EDFC2B112FFC}.Release|x86.ActiveCfg = Release|Win32
		{BD3882CF-8AD1-4595-A50A-EDFC2B112FFC}.Release|x86.Build.0 = Release|Win32
	EndGlobalSection
	GlobalSection(SolutionProperties) = preSolution
		HideSolutionNode = FALSE
	EndGlobalSection
	GlobalSection(ExtensibilityGlobals) = postSolution
		SolutionGuid = {78061B5E-7DA5-4955-9F61-B06D550C9DFC}
	EndGlobalSection
EndGlobal
