
Microsoft Visual Studio Solution File, Format Version 12.00
# Visual Studio Version 17
VisualStudioVersion = 17.2.32630.192
MinimumVisualStudioVersion = 10.0.40219.1
Project("{8BC9CEB8-8B4A-11D0-8D11-00A0C91BC942}") = "4-L 5430", "4-L 5430\4-L 5430.vcxproj", "{76DE2D0E-6B21-4927-A6E9-734FD3ED01F2}"
EndProject
Global
	GlobalSection(SolutionConfigurationPlatforms) = preSolution
		Debug|x64 = Debug|x64
		Debug|x86 = Debug|x86
		Release|x64 = Release|x64
		Release|x86 = Release|x86
	EndGlobalSection
	GlobalSection(ProjectConfigurationPlatforms) = postSolution
		{76DE2D0E-6B21-4927-A6E9-734FD3ED01F2}.Debug|x64.ActiveCfg = Debug|x64
		{76DE2D0E-6B21-4927-A6E9-734FD3ED01F2}.Debug|x64.Build.0 = Debug|x64
		{76DE2D0E-6B21-4927-A6E9-734FD3ED01F2}.Debug|x86.ActiveCfg = Debug|Win32
		{76DE2D0E-6B21-4927-A6E9-734FD3ED01F2}.Debug|x86.Build.0 = Debug|Win32
		{76DE2D0E-6B21-4927-A6E9-734FD3ED01F2}.Release|x64.ActiveCfg = Release|x64
		{76DE2D0E-6B21-4927-A6E9-734FD3ED01F2}.Release|x64.Build.0 = Release|x64
		{76DE2D0E-6B21-4927-A6E9-734FD3ED01F2}.Release|x86.ActiveCfg = Release|Win32
		{76DE2D0E-6B21-4927-A6E9-734FD3ED01F2}.Release|x86.Build.0 = Release|Win32
	EndGlobalSection
	GlobalSection(SolutionProperties) = preSolution
		HideSolutionNode = FALSE
	EndGlobalSection
	GlobalSection(ExtensibilityGlobals) = postSolution
		SolutionGuid = {B2633880-4B06-4C6E-867C-DC3AEB49951F}
	EndGlobalSection
EndGlobal
