
Microsoft Visual Studio Solution File, Format Version 12.00
# Visual Studio Version 17
VisualStudioVersion = 17.9.34714.143
MinimumVisualStudioVersion = 10.0.40219.1
Project("{8BC9CEB8-8B4A-11D0-8D11-00A0C91BC942}") = "2024-03-27 16434", "2024-03-27 16434\2024-03-27 16434.vcxproj", "{07145CBA-7B52-4059-A315-1AC054A35F76}"
EndProject
Global
	GlobalSection(SolutionConfigurationPlatforms) = preSolution
		Debug|x64 = Debug|x64
		Debug|x86 = Debug|x86
		Release|x64 = Release|x64
		Release|x86 = Release|x86
	EndGlobalSection
	GlobalSection(ProjectConfigurationPlatforms) = postSolution
		{07145CBA-7B52-4059-A315-1AC054A35F76}.Debug|x64.ActiveCfg = Debug|x64
		{07145CBA-7B52-4059-A315-1AC054A35F76}.Debug|x64.Build.0 = Debug|x64
		{07145CBA-7B52-4059-A315-1AC054A35F76}.Debug|x86.ActiveCfg = Debug|Win32
		{07145CBA-7B52-4059-A315-1AC054A35F76}.Debug|x86.Build.0 = Debug|Win32
		{07145CBA-7B52-4059-A315-1AC054A35F76}.Release|x64.ActiveCfg = Release|x64
		{07145CBA-7B52-4059-A315-1AC054A35F76}.Release|x64.Build.0 = Release|x64
		{07145CBA-7B52-4059-A315-1AC054A35F76}.Release|x86.ActiveCfg = Release|Win32
		{07145CBA-7B52-4059-A315-1AC054A35F76}.Release|x86.Build.0 = Release|Win32
	EndGlobalSection
	GlobalSection(SolutionProperties) = preSolution
		HideSolutionNode = FALSE
	EndGlobalSection
	GlobalSection(ExtensibilityGlobals) = postSolution
		SolutionGuid = {F7F045D0-F2C7-4237-8877-C5AB6DE6B4D9}
	EndGlobalSection
EndGlobal
