
Microsoft Visual Studio Solution File, Format Version 12.00
# Visual Studio Version 17
VisualStudioVersion = 17.9.34714.143
MinimumVisualStudioVersion = 10.0.40219.1
Project("{8BC9CEB8-8B4A-11D0-8D11-00A0C91BC942}") = "2024-10-22 2252", "2024-10-22 2252\2024-10-22 2252.vcxproj", "{3A425FFD-7EA7-4DA4-9856-17C31A8ECF06}"
EndProject
Global
	GlobalSection(SolutionConfigurationPlatforms) = preSolution
		Debug|x64 = Debug|x64
		Debug|x86 = Debug|x86
		Release|x64 = Release|x64
		Release|x86 = Release|x86
	EndGlobalSection
	GlobalSection(ProjectConfigurationPlatforms) = postSolution
		{3A425FFD-7EA7-4DA4-9856-17C31A8ECF06}.Debug|x64.ActiveCfg = Debug|x64
		{3A425FFD-7EA7-4DA4-9856-17C31A8ECF06}.Debug|x64.Build.0 = Debug|x64
		{3A425FFD-7EA7-4DA4-9856-17C31A8ECF06}.Debug|x86.ActiveCfg = Debug|Win32
		{3A425FFD-7EA7-4DA4-9856-17C31A8ECF06}.Debug|x86.Build.0 = Debug|Win32
		{3A425FFD-7EA7-4DA4-9856-17C31A8ECF06}.Release|x64.ActiveCfg = Release|x64
		{3A425FFD-7EA7-4DA4-9856-17C31A8ECF06}.Release|x64.Build.0 = Release|x64
		{3A425FFD-7EA7-4DA4-9856-17C31A8ECF06}.Release|x86.ActiveCfg = Release|Win32
		{3A425FFD-7EA7-4DA4-9856-17C31A8ECF06}.Release|x86.Build.0 = Release|Win32
	EndGlobalSection
	GlobalSection(SolutionProperties) = preSolution
		HideSolutionNode = FALSE
	EndGlobalSection
	GlobalSection(ExtensibilityGlobals) = postSolution
		SolutionGuid = {AC951AD3-6999-41BA-9D44-C73396506C56}
	EndGlobalSection
EndGlobal
