
Microsoft Visual Studio Solution File, Format Version 12.00
# Visual Studio Version 17
VisualStudioVersion = 17.5.33424.131
MinimumVisualStudioVersion = 10.0.40219.1
Project("{8BC9CEB8-8B4A-11D0-8D11-00A0C91BC942}") = "2-L 2852", "2-L 2852\2-L 2852.vcxproj", "{42AD24E9-0856-44D6-8AD7-BFB29B771ECD}"
EndProject
Global
	GlobalSection(SolutionConfigurationPlatforms) = preSolution
		Debug|x64 = Debug|x64
		Debug|x86 = Debug|x86
		Release|x64 = Release|x64
		Release|x86 = Release|x86
	EndGlobalSection
	GlobalSection(ProjectConfigurationPlatforms) = postSolution
		{42AD24E9-0856-44D6-8AD7-BFB29B771ECD}.Debug|x64.ActiveCfg = Debug|x64
		{42AD24E9-0856-44D6-8AD7-BFB29B771ECD}.Debug|x64.Build.0 = Debug|x64
		{42AD24E9-0856-44D6-8AD7-BFB29B771ECD}.Debug|x86.ActiveCfg = Debug|Win32
		{42AD24E9-0856-44D6-8AD7-BFB29B771ECD}.Debug|x86.Build.0 = Debug|Win32
		{42AD24E9-0856-44D6-8AD7-BFB29B771ECD}.Release|x64.ActiveCfg = Release|x64
		{42AD24E9-0856-44D6-8AD7-BFB29B771ECD}.Release|x64.Build.0 = Release|x64
		{42AD24E9-0856-44D6-8AD7-BFB29B771ECD}.Release|x86.ActiveCfg = Release|Win32
		{42AD24E9-0856-44D6-8AD7-BFB29B771ECD}.Release|x86.Build.0 = Release|Win32
	EndGlobalSection
	GlobalSection(SolutionProperties) = preSolution
		HideSolutionNode = FALSE
	EndGlobalSection
	GlobalSection(ExtensibilityGlobals) = postSolution
		SolutionGuid = {B8F70739-F81C-4085-BED5-736B86F93969}
	EndGlobalSection
EndGlobal
