
Microsoft Visual Studio Solution File, Format Version 12.00
# Visual Studio Version 17
VisualStudioVersion = 17.10.35027.167
MinimumVisualStudioVersion = 10.0.40219.1
Project("{8BC9CEB8-8B4A-11D0-8D11-00A0C91BC942}") = "2024-07-29 17135", "2024-07-29 17135\2024-07-29 17135.vcxproj", "{3141BF3A-FA26-4C7C-AB93-4B4AE13B0334}"
EndProject
Global
	GlobalSection(SolutionConfigurationPlatforms) = preSolution
		Debug|x64 = Debug|x64
		Debug|x86 = Debug|x86
		Release|x64 = Release|x64
		Release|x86 = Release|x86
	EndGlobalSection
	GlobalSection(ProjectConfigurationPlatforms) = postSolution
		{3141BF3A-FA26-4C7C-AB93-4B4AE13B0334}.Debug|x64.ActiveCfg = Debug|x64
		{3141BF3A-FA26-4C7C-AB93-4B4AE13B0334}.Debug|x64.Build.0 = Debug|x64
		{3141BF3A-FA26-4C7C-AB93-4B4AE13B0334}.Debug|x86.ActiveCfg = Debug|Win32
		{3141BF3A-FA26-4C7C-AB93-4B4AE13B0334}.Debug|x86.Build.0 = Debug|Win32
		{3141BF3A-FA26-4C7C-AB93-4B4AE13B0334}.Release|x64.ActiveCfg = Release|x64
		{3141BF3A-FA26-4C7C-AB93-4B4AE13B0334}.Release|x64.Build.0 = Release|x64
		{3141BF3A-FA26-4C7C-AB93-4B4AE13B0334}.Release|x86.ActiveCfg = Release|Win32
		{3141BF3A-FA26-4C7C-AB93-4B4AE13B0334}.Release|x86.Build.0 = Release|Win32
	EndGlobalSection
	GlobalSection(SolutionProperties) = preSolution
		HideSolutionNode = FALSE
	EndGlobalSection
	GlobalSection(ExtensibilityGlobals) = postSolution
		SolutionGuid = {7C29B442-6B25-4C8D-A5A2-A81DC8A60A92}
	EndGlobalSection
EndGlobal
