
Microsoft Visual Studio Solution File, Format Version 12.00
# Visual Studio Version 17
VisualStudioVersion = 17.8.34322.80
MinimumVisualStudioVersion = 10.0.40219.1
Project("{8BC9CEB8-8B4A-11D0-8D11-00A0C91BC942}") = "8-N 5719", "8-N 5719\8-N 5719.vcxproj", "{5834EC2C-A0FE-44AA-81A5-491697046AF3}"
EndProject
Global
	GlobalSection(SolutionConfigurationPlatforms) = preSolution
		Debug|x64 = Debug|x64
		Debug|x86 = Debug|x86
		Release|x64 = Release|x64
		Release|x86 = Release|x86
	EndGlobalSection
	GlobalSection(ProjectConfigurationPlatforms) = postSolution
		{5834EC2C-A0FE-44AA-81A5-491697046AF3}.Debug|x64.ActiveCfg = Debug|x64
		{5834EC2C-A0FE-44AA-81A5-491697046AF3}.Debug|x64.Build.0 = Debug|x64
		{5834EC2C-A0FE-44AA-81A5-491697046AF3}.Debug|x86.ActiveCfg = Debug|Win32
		{5834EC2C-A0FE-44AA-81A5-491697046AF3}.Debug|x86.Build.0 = Debug|Win32
		{5834EC2C-A0FE-44AA-81A5-491697046AF3}.Release|x64.ActiveCfg = Release|x64
		{5834EC2C-A0FE-44AA-81A5-491697046AF3}.Release|x64.Build.0 = Release|x64
		{5834EC2C-A0FE-44AA-81A5-491697046AF3}.Release|x86.ActiveCfg = Release|Win32
		{5834EC2C-A0FE-44AA-81A5-491697046AF3}.Release|x86.Build.0 = Release|Win32
	EndGlobalSection
	GlobalSection(SolutionProperties) = preSolution
		HideSolutionNode = FALSE
	EndGlobalSection
	GlobalSection(ExtensibilityGlobals) = postSolution
		SolutionGuid = {25515479-ABD1-404C-8BE9-CCAD9AA65586}
	EndGlobalSection
EndGlobal
