
Microsoft Visual Studio Solution File, Format Version 12.00
# Visual Studio Version 17
VisualStudioVersion = 17.7.34031.279
MinimumVisualStudioVersion = 10.0.40219.1
Project("{8BC9CEB8-8B4A-11D0-8D11-00A0C91BC942}") = "7-A 2098", "7-A 2098\7-A 2098.vcxproj", "{282E792A-DF25-4BBE-BFE3-ECB3BA149621}"
EndProject
Global
	GlobalSection(SolutionConfigurationPlatforms) = preSolution
		Debug|x64 = Debug|x64
		Debug|x86 = Debug|x86
		Release|x64 = Release|x64
		Release|x86 = Release|x86
	EndGlobalSection
	GlobalSection(ProjectConfigurationPlatforms) = postSolution
		{282E792A-DF25-4BBE-BFE3-ECB3BA149621}.Debug|x64.ActiveCfg = Debug|x64
		{282E792A-DF25-4BBE-BFE3-ECB3BA149621}.Debug|x64.Build.0 = Debug|x64
		{282E792A-DF25-4BBE-BFE3-ECB3BA149621}.Debug|x86.ActiveCfg = Debug|Win32
		{282E792A-DF25-4BBE-BFE3-ECB3BA149621}.Debug|x86.Build.0 = Debug|Win32
		{282E792A-DF25-4BBE-BFE3-ECB3BA149621}.Release|x64.ActiveCfg = Release|x64
		{282E792A-DF25-4BBE-BFE3-ECB3BA149621}.Release|x64.Build.0 = Release|x64
		{282E792A-DF25-4BBE-BFE3-ECB3BA149621}.Release|x86.ActiveCfg = Release|Win32
		{282E792A-DF25-4BBE-BFE3-ECB3BA149621}.Release|x86.Build.0 = Release|Win32
	EndGlobalSection
	GlobalSection(SolutionProperties) = preSolution
		HideSolutionNode = FALSE
	EndGlobalSection
	GlobalSection(ExtensibilityGlobals) = postSolution
		SolutionGuid = {70858A6D-CA0E-44ED-913F-F0400AE603A6}
	EndGlobalSection
EndGlobal
